
Microsoft Visual Studio Solution File, Format Version 12.00
# Visual Studio Version 17
VisualStudioVersion = 17.4.33122.133
MinimumVisualStudioVersion = 10.0.40219.1
Project("{9A19103F-16F7-4668-BE54-9A1E7A4F7556}") = "OlmosStatic.Server", "Server\OlmosStatic.Server.csproj", "{9C32F420-6F8D-4491-AA1F-EE43B86091AB}"
EndProject
Project("{9A19103F-16F7-4668-BE54-9A1E7A4F7556}") = "OlmosStatic.Client", "Client\OlmosStatic.Client.csproj", "{4949940A-F88A-4AED-9A59-ECEC2733D65C}"
EndProject
Project("{9A19103F-16F7-4668-BE54-9A1E7A4F7556}") = "OlmosStatic.Shared", "Shared\OlmosStatic.Shared.csproj", "{26880165-E494-4850-A400-C69A48059F88}"
EndProject
Global
	GlobalSection(SolutionConfigurationPlatforms) = preSolution
		Debug|Any CPU = Debug|Any CPU
		Release|Any CPU = Release|Any CPU
	EndGlobalSection
	GlobalSection(ProjectConfigurationPlatforms) = postSolution
		{9C32F420-6F8D-4491-AA1F-EE43B86091AB}.Debug|Any CPU.ActiveCfg = Debug|Any CPU
		{9C32F420-6F8D-4491-AA1F-EE43B86091AB}.Debug|Any CPU.Build.0 = Debug|Any CPU
		{9C32F420-6F8D-4491-AA1F-EE43B86091AB}.Release|Any CPU.ActiveCfg = Release|Any CPU
		{9C32F420-6F8D-4491-AA1F-EE43B86091AB}.Release|Any CPU.Build.0 = Release|Any CPU
		{4949940A-F88A-4AED-9A59-ECEC2733D65C}.Debug|Any CPU.ActiveCfg = Debug|Any CPU
		{4949940A-F88A-4AED-9A59-ECEC2733D65C}.Debug|Any CPU.Build.0 = Debug|Any CPU
		{4949940A-F88A-4AED-9A59-ECEC2733D65C}.Release|Any CPU.ActiveCfg = Release|Any CPU
		{4949940A-F88A-4AED-9A59-ECEC2733D65C}.Release|Any CPU.Build.0 = Release|Any CPU
		{26880165-E494-4850-A400-C69A48059F88}.Debug|Any CPU.ActiveCfg = Debug|Any CPU
		{26880165-E494-4850-A400-C69A48059F88}.Debug|Any CPU.Build.0 = Debug|Any CPU
		{26880165-E494-4850-A400-C69A48059F88}.Release|Any CPU.ActiveCfg = Release|Any CPU
		{26880165-E494-4850-A400-C69A48059F88}.Release|Any CPU.Build.0 = Release|Any CPU
	EndGlobalSection
	GlobalSection(SolutionProperties) = preSolution
		HideSolutionNode = FALSE
	EndGlobalSection
	GlobalSection(ExtensibilityGlobals) = postSolution
		SolutionGuid = {509A87A4-9C4C-4136-A59C-0FF93C4007DF}
	EndGlobalSection
EndGlobal
